{
    "_meta": {
        "hash": {
            "sha256": "1cdf45241f45381745523f4fa3d67aac541e54bbea54963f8353151751470443"
        },
        "pipfile-spec": 6,
        "requires": {
            "python_version": "3.10"
        },
        "sources": [
            {
                "name": "pypi",
                "url": "https://pypi.org/simple",
                "verify_ssl": true
            }
        ]
    },
    "default": {
        "beautifulsoup4": {
            "hashes": [
                "sha256:9a315ce70049920ea4572a4055bc4bd700c940521d36fc858205ad4fcde149bf",
                "sha256:c23ad23c521d818955a4151a67d81580319d4bf548d3d49f4223ae041ff98891"
            ],
            "index": "pypi",
            "version": "==4.10.0"
        },
        "cachetools": {
            "hashes": [
                "sha256:6a94c6402995a99c3970cc7e4884bb60b4a8639938157eeed436098bf9831757",
                "sha256:f9f17d2aec496a9aa6b76f53e3b614c965223c061982d434d160f930c698a9db"
            ],
            "markers": "python_version ~= '3.7'",
            "version": "==5.2.0"
        },
        "certifi": {
            "hashes": [
                "sha256:36973885b9542e6bd01dea287b2b4b3b21236307c56324fcc3f1160f2d655ed5",
                "sha256:e232343de1ab72c2aa521b625c80f699e356830fd0e2c620b465b304b17b0516"
            ],
            "markers": "python_version >= '3.6'",
            "version": "==2022.9.14"
        },
        "charset-normalizer": {
            "hashes": [
                "sha256:2857e29ff0d34db842cd7ca3230549d1a697f96ee6d3fb071cfa6c7393832597",
                "sha256:6881edbebdb17b39b4eaaa821b438bf6eddffb4468cf344f09f89def34a8b1df"
            ],
            "markers": "python_version >= '3'",
            "version": "==2.0.12"
        },
        "google-api-core": {
            "hashes": [
                "sha256:92d17123cfe399b5ef7e026c63babf978d8475e1ac877919eb7933e25dea2273",
                "sha256:e16c15a11789bc5a3457afb2818a3540a03f341e6e710d7f9bbf6cde2ef4a7c8"
            ],
            "markers": "python_version >= '3.7'",
            "version": "==2.10.1"
        },
        "google-api-python-client": {
            "hashes": [
                "sha256:080d4be6c66aa95fb530916844cb2601645daf5e5a1ce8d2bc57b8c72f1c7cf6",
                "sha256:bf969a84cf882958999cf6de35928bf5ae3957637d5842060798e5d39b0ba1e5"
            ],
            "index": "pypi",
            "version": "==2.40.0"
        },
        "google-auth": {
            "hashes": [
                "sha256:be62acaae38d0049c21ca90f27a23847245c9f161ff54ede13af2cb6afecbac9",
                "sha256:ed65ecf9f681832298e29328e1ef0a3676e3732b2e56f41532d45f70a22de0fb"
            ],
            "markers": "python_version >= '2.7' and python_version not in '3.0, 3.1, 3.2, 3.3, 3.4, 3.5'",
            "version": "==2.11.0"
        },
        "google-auth-httplib2": {
            "hashes": [
                "sha256:31e49c36c6b5643b57e82617cb3e021e3e1d2df9da63af67252c02fa9c1f4a10",
                "sha256:a07c39fd632becacd3f07718dfd6021bf396978f03ad3ce4321d060015cc30ac"
            ],
            "index": "pypi",
            "version": "==0.1.0"
        },
        "google-auth-oauthlib": {
            "hashes": [
                "sha256:06c4ceb3ab2a93b85b8976bbe86cbb82ae1d1c02d2ded3cfd0847a8b6955263b",
                "sha256:8b7ff4d2fe81e3bd034306aa665444360b3c67195b9dea582dddc7dfb8d89d34"
            ],
            "index": "pypi",
            "version": "==0.5.0"
        },
        "googleapis-common-protos": {
            "hashes": [
                "sha256:8eb2cbc91b69feaf23e32452a7ae60e791e09967d81d4fcc7fc388182d1bd394",
                "sha256:c25873c47279387cfdcbdafa36149887901d36202cb645a0e4f29686bf6e4417"
            ],
            "markers": "python_version >= '3.7'",
            "version": "==1.56.4"
        },
        "httplib2": {
            "hashes": [
                "sha256:58a98e45b4b1a48273073f905d2961666ecf0fbac4250ea5b47aef259eb5c585",
                "sha256:8b6a905cb1c79eefd03f8669fd993c36dc341f7c558f056cb5a33b5c2f458543"
            ],
            "markers": "python_version >= '2.7' and python_version not in '3.0, 3.1, 3.2, 3.3'",
            "version": "==0.20.4"
        },
        "idna": {
            "hashes": [
                "sha256:814f528e8dead7d329833b91c5faa87d60bf71824cd12a7530b5526063d02cb4",
                "sha256:90b77e79eaa3eba6de819a0c442c0b4ceefc341a7a2ab77d7562bf49f425c5c2"
            ],
            "markers": "python_version >= '3'",
            "version": "==3.4"
        },
        "numpy": {
            "hashes": [
                "sha256:004f0efcb2fe1c0bd6ae1fcfc69cc8b6bf2407e0f18be308612007a0762b4089",
                "sha256:09f6b7bdffe57fc61d869a22f506049825d707b288039d30f26a0d0d8ea05164",
                "sha256:0ea3f98a0ffce3f8f57675eb9119f3f4edb81888b6874bc1953f91e0b1d4f440",
                "sha256:17c0e467ade9bda685d5ac7f5fa729d8d3e76b23195471adae2d6a6941bd2c18",
                "sha256:1f27b5322ac4067e67c8f9378b41c746d8feac8bdd0e0ffede5324667b8a075c",
                "sha256:22d43376ee0acd547f3149b9ec12eec2f0ca4a6ab2f61753c5b29bb3e795ac4d",
                "sha256:2ad3ec9a748a8943e6eb4358201f7e1c12ede35f510b1a2221b70af4bb64295c",
                "sha256:301c00cf5e60e08e04d842fc47df641d4a181e651c7135c50dc2762ffe293dbd",
                "sha256:39a664e3d26ea854211867d20ebcc8023257c1800ae89773cbba9f9e97bae036",
                "sha256:51bf49c0cd1d52be0a240aa66f3458afc4b95d8993d2d04f0d91fa60c10af6cd",
                "sha256:78a63d2df1d947bd9d1b11d35564c2f9e4b57898aae4626638056ec1a231c40c",
                "sha256:7cd1328e5bdf0dee621912f5833648e2daca72e3839ec1d6695e91089625f0b4",
                "sha256:8355fc10fd33a5a70981a5b8a0de51d10af3688d7a9e4a34fcc8fa0d7467bb7f",
                "sha256:8c79d7cf86d049d0c5089231a5bcd31edb03555bd93d81a16870aa98c6cfb79d",
                "sha256:91b8d6768a75247026e951dce3b2aac79dc7e78622fc148329135ba189813584",
                "sha256:94c15ca4e52671a59219146ff584488907b1f9b3fc232622b47e2cf832e94fb8",
                "sha256:98dcbc02e39b1658dc4b4508442a560fe3ca5ca0d989f0df062534e5ca3a5c1a",
                "sha256:a64403f634e5ffdcd85e0b12c08f04b3080d3e840aef118721021f9b48fc1460",
                "sha256:bc6e8da415f359b578b00bcfb1d08411c96e9a97f9e6c7adada554a0812a6cc6",
                "sha256:bdc9febce3e68b697d931941b263c59e0c74e8f18861f4064c1f712562903411",
                "sha256:c1ba66c48b19cc9c2975c0d354f24058888cdc674bebadceb3cdc9ec403fb5d1",
                "sha256:c9f707b5bb73bf277d812ded9896f9512a43edff72712f31667d0a8c2f8e71ee",
                "sha256:d5422d6a1ea9b15577a9432e26608c73a78faf0b9039437b075cf322c92e98e7",
                "sha256:e5d5420053bbb3dd64c30e58f9363d7a9c27444c3648e61460c1237f9ec3fa14",
                "sha256:e868b0389c5ccfc092031a861d4e158ea164d8b7fdbb10e3b5689b4fc6498df6",
                "sha256:efd9d3abe5774404becdb0748178b48a218f1d8c44e0375475732211ea47c67e",
                "sha256:f8c02ec3c4c4fcb718fdf89a6c6f709b14949408e8cf2a2be5bfa9c49548fd85",
                "sha256:ffcf105ecdd9396e05a8e58e81faaaf34d3f9875f137c7372450baa5d77c9a54"
            ],
            "markers": "python_version >= '3.10'",
            "version": "==1.23.3"
        },
        "oauthlib": {
            "hashes": [
                "sha256:1565237372795bf6ee3e5aba5e2a85bd5a65d0e2aa5c628b9a97b7d7a0da3721",
                "sha256:88e912ca1ad915e1dcc1c06fc9259d19de8deacd6fd17cc2df266decc2e49066"
            ],
            "index": "pypi",
            "version": "==3.2.1"
        },
        "pandas": {
            "hashes": [
                "sha256:0259cd11e7e6125aaea3af823b80444f3adad6149ff4c97fef760093598b3e34",
                "sha256:04dd15d9db538470900c851498e532ef28d4e56bfe72c9523acb32042de43dfb",
                "sha256:0b1a13f647e4209ed7dbb5da3497891d0045da9785327530ab696417ef478f84",
                "sha256:19f7c632436b1b4f84615c3b127bbd7bc603db95e3d4332ed259dc815c9aaa26",
                "sha256:1b384516dbb4e6aae30e3464c2e77c563da5980440fbdfbd0968e3942f8f9d70",
                "sha256:1d85d5f6be66dfd6d1d8d13b9535e342a2214260f1852654b19fa4d7b8d1218b",
                "sha256:2e5a7a1e0ecaac652326af627a3eca84886da9e667d68286866d4e33f6547caf",
                "sha256:3129a35d9dad1d80c234dd78f8f03141b914395d23f97cf92a366dcd19f8f8bf",
                "sha256:358b0bc98a5ff067132d23bf7a2242ee95db9ea5b7bbc401cf79205f11502fd3",
                "sha256:3dfb32ed50122fe8c5e7f2b8d97387edd742cc78f9ec36f007ee126cd3720907",
                "sha256:4e1176f45981c8ccc8161bc036916c004ca51037a7ed73f2d2a9857e6dbe654f",
                "sha256:508c99debccd15790d526ce6b1624b97a5e1e4ca5b871319fb0ebfd46b8f4dad",
                "sha256:6105af6533f8b63a43ea9f08a2ede04e8f43e49daef0209ab0d30352bcf08bee",
                "sha256:6d6ad1da00c7cc7d8dd1559a6ba59ba3973be6b15722d49738b2be0977eb8a0c",
                "sha256:7ea47ba1d6f359680130bd29af497333be6110de8f4c35b9211eec5a5a9630fa",
                "sha256:8db93ec98ac7cb5f8ac1420c10f5e3c43533153f253fe7fb6d891cf5aa2b80d2",
                "sha256:96e9ece5759f9b47ae43794b6359bbc54805d76e573b161ae770c1ea59393106",
                "sha256:bbb15ad79050e8b8d39ec40dd96a30cd09b886a2ae8848d0df1abba4d5502a67",
                "sha256:c614001129b2a5add5e3677c3a213a9e6fd376204cb8d17c04e84ff7dfc02a73",
                "sha256:e6a7bbbb7950063bfc942f8794bc3e31697c020a14f1cd8905fc1d28ec674a01",
                "sha256:f02e85e6d832be37d7f16cf6ac8bb26b519ace3e5f3235564a91c7f658ab2a43"
            ],
            "index": "pypi",
            "version": "==1.4.1"
        },
        "protobuf": {
            "hashes": [
                "sha256:07a0bb9cc6114f16a39c866dc28b6e3d96fa4ffb9cc1033057412547e6e75cb9",
                "sha256:308173d3e5a3528787bb8c93abea81d5a950bdce62840d9760effc84127fb39c",
                "sha256:4143513c766db85b9d7c18dbf8339673c8a290131b2a0fe73855ab20770f72b0",
                "sha256:49f88d56a9180dbb7f6199c920f5bb5c1dd0172f672983bb281298d57c2ac8eb",
                "sha256:6b1040a5661cd5f6e610cbca9cfaa2a17d60e2bb545309bc1b278bb05be44bdd",
                "sha256:77b355c8604fe285536155286b28b0c4cbc57cf81b08d8357bf34829ea982860",
                "sha256:7a6cc8842257265bdfd6b74d088b829e44bcac3cca234c5fdd6052730017b9ea",
                "sha256:80e6540381080715fddac12690ee42d087d0d17395f8d0078dfd6f1181e7be4c",
                "sha256:8f9e60f7d44592c66e7b332b6a7b4b6e8d8b889393c79dbc3a91f815118f8eac",
                "sha256:9666da97129138585b26afcb63ad4887f602e169cafe754a8258541c553b8b5d",
                "sha256:aa29113ec901281f29d9d27b01193407a98aa9658b8a777b0325e6d97149f5ce",
                "sha256:b6cea204865595a92a7b240e4b65bcaaca3ad5d2ce25d9db3756eba06041138e",
                "sha256:ba596b9ffb85c909fcfe1b1a23136224ed678af3faf9912d3fa483d5f9813c4e",
                "sha256:c7c864148a237f058c739ae7a05a2b403c0dfa4ce7d1f3e5213f352ad52d57c6"
            ],
            "markers": "python_version >= '3.7'",
            "version": "==4.21.6"
        },
        "pyasn1": {
            "hashes": [
                "sha256:014c0e9976956a08139dc0712ae195324a75e142284d5f87f1a87ee1b068a359",
                "sha256:03840c999ba71680a131cfaee6fab142e1ed9bbd9c693e285cc6aca0d555e576",
                "sha256:0458773cfe65b153891ac249bcf1b5f8f320b7c2ce462151f8fa74de8934becf",
                "sha256:08c3c53b75eaa48d71cf8c710312316392ed40899cb34710d092e96745a358b7",
                "sha256:39c7e2ec30515947ff4e87fb6f456dfc6e84857d34be479c9d4a4ba4bf46aa5d",
                "sha256:5c9414dcfede6e441f7e8f81b43b34e834731003427e5b09e4e00e3172a10f00",
                "sha256:6e7545f1a61025a4e58bb336952c5061697da694db1cae97b116e9c46abcf7c8",
                "sha256:78fa6da68ed2727915c4767bb386ab32cdba863caa7dbe473eaae45f9959da86",
                "sha256:7ab8a544af125fb704feadb008c99a88805126fb525280b2270bb25cc1d78a12",
                "sha256:99fcc3c8d804d1bc6d9a099921e39d827026409a58f2a720dcdb89374ea0c776",
                "sha256:aef77c9fb94a3ac588e87841208bdec464471d9871bd5050a287cc9a475cd0ba",
                "sha256:e89bf84b5437b532b0803ba5c9a5e054d21fec423a89952a74f87fa2c9b7bce2",
                "sha256:fec3e9d8e36808a28efb59b489e4528c10ad0f480e57dcc32b4de5c9d8c9fdf3"
            ],
            "version": "==0.4.8"
        },
        "pyasn1-modules": {
            "hashes": [
                "sha256:0845a5582f6a02bb3e1bde9ecfc4bfcae6ec3210dd270522fee602365430c3f8",
                "sha256:0fe1b68d1e486a1ed5473f1302bd991c1611d319bba158e98b106ff86e1d7199",
                "sha256:15b7c67fabc7fc240d87fb9aabf999cf82311a6d6fb2c70d00d3d0604878c811",
                "sha256:426edb7a5e8879f1ec54a1864f16b882c2837bfd06eee62f2c982315ee2473ed",
                "sha256:65cebbaffc913f4fe9e4808735c95ea22d7a7775646ab690518c056784bc21b4",
                "sha256:905f84c712230b2c592c19470d3ca8d552de726050d1d1716282a1f6146be65e",
                "sha256:a50b808ffeb97cb3601dd25981f6b016cbb3d31fbf57a8b8a87428e6158d0c74",
                "sha256:a99324196732f53093a84c4369c996713eb8c89d360a496b599fb1a9c47fc3eb",
                "sha256:b80486a6c77252ea3a3e9b1e360bc9cf28eaac41263d173c032581ad2f20fe45",
                "sha256:c29a5e5cc7a3f05926aff34e097e84f8589cd790ce0ed41b67aed6857b26aafd",
                "sha256:cbac4bc38d117f2a49aeedec4407d23e8866ea4ac27ff2cf7fb3e5b570df19e0",
                "sha256:f39edd8c4ecaa4556e989147ebf219227e2cd2e8a43c7e7fcb1f1c18c5fd6a3d",
                "sha256:fe0644d9ab041506b62782e92b06b8c68cca799e1a9636ec398675459e031405"
            ],
            "version": "==0.2.8"
        },
        "pyparsing": {
            "hashes": [
                "sha256:2b020ecf7d21b687f219b71ecad3631f644a47f01403fa1d1036b0c6416d70fb",
                "sha256:5026bae9a10eeaefb61dab2f09052b9f4307d44aee4eda64b309723d8d206bbc"
            ],
            "markers": "python_version >= '3.1'",
            "version": "==3.0.9"
        },
        "python-dateutil": {
            "hashes": [
                "sha256:0123cacc1627ae19ddf3c27a5de5bd67ee4586fbdd6440d9748f8abb483d3e86",
                "sha256:961d03dc3453ebbc59dbdea9e4e11c5651520a876d0f4db161e8674aae935da9"
            ],
            "markers": "python_version >= '2.7' and python_version not in '3.0, 3.1, 3.2, 3.3'",
            "version": "==2.8.2"
        },
        "pytz": {
            "hashes": [
                "sha256:220f481bdafa09c3955dfbdddb7b57780e9a94f5127e35456a48589b9e0c0197",
                "sha256:cea221417204f2d1a2aa03ddae3e867921971d0d76f14d87abb4414415bbdcf5"
            ],
            "version": "==2022.2.1"
        },
        "requests": {
            "hashes": [
                "sha256:68d7c56fd5a8999887728ef304a6d12edc7be74f1cfa47714fc8b414525c9a61",
                "sha256:f22fa1e554c9ddfd16e6e41ac79759e17be9e492b3587efa038054674760e72d"
            ],
            "index": "pypi",
            "version": "==2.27.1"
        },
        "requests-oauthlib": {
            "hashes": [
                "sha256:2577c501a2fb8d05a304c09d090d6e47c306fef15809d102b327cf8364bddab5",
                "sha256:75beac4a47881eeb94d5ea5d6ad31ef88856affe2332b9aafb52c6452ccf0d7a"
            ],
            "markers": "python_version >= '2.7' and python_version not in '3.0, 3.1, 3.2, 3.3'",
            "version": "==1.3.1"
        },
        "rsa": {
            "hashes": [
                "sha256:90260d9058e514786967344d0ef75fa8727eed8a7d2e43ce9f4bcf1b536174f7",
                "sha256:e38464a49c6c85d7f1351b0126661487a7e0a14a50f1675ec50eb34d4f20ef21"
            ],
            "markers": "python_version >= '3.6'",
            "version": "==4.9"
        },
        "six": {
            "hashes": [
                "sha256:1e61c37477a1626458e36f7b1d82aa5c9b094fa4802892072e49de9c60c4c926",
                "sha256:8abb2f1d86890a2dfb989f9a77cfcfd3e47c2a354b01111771326f8aa26e0254"
            ],
            "markers": "python_version >= '2.7' and python_version not in '3.0, 3.1, 3.2, 3.3'",
            "version": "==1.16.0"
        },
        "soupsieve": {
            "hashes": [
                "sha256:3b2503d3c7084a42b1ebd08116e5f81aadfaea95863628c80a3b774a11b7c759",
                "sha256:fc53893b3da2c33de295667a0e19f078c14bf86544af307354de5fcf12a3f30d"
            ],
            "markers": "python_version >= '3.6'",
            "version": "==2.3.2.post1"
        },
        "uritemplate": {
            "hashes": [
                "sha256:4346edfc5c3b79f694bccd6d6099a322bbeb628dbf2cd86eea55a456ce5124f0",
                "sha256:830c08b8d99bdd312ea4ead05994a38e8936266f84b9a7878232db50b044e02e"
            ],
            "markers": "python_version >= '3.6'",
            "version": "==4.1.1"
        },
        "urllib3": {
            "hashes": [
                "sha256:3fa96cf423e6987997fc326ae8df396db2a8b7c667747d47ddd8ecba91f4a74e",
                "sha256:b930dd878d5a8afb066a637fbb35144fe7901e3b209d1cd4f524bd0e9deee997"
            ],
            "markers": "python_version >= '2.7' and python_version not in '3.0, 3.1, 3.2, 3.3, 3.4, 3.5' and python_version < '4'",
            "version": "==1.26.12"
        }
    },
    "develop": {
        "asttokens": {
            "hashes": [
                "sha256:c61e16246ecfb2cde2958406b4c8ebc043c9e6d73aaa83c941673b35e5d3a76b",
                "sha256:e3305297c744ae53ffa032c45dc347286165e4ffce6875dc662b205db0623d86"
            ],
            "version": "==2.0.8"
        },
        "backcall": {
            "hashes": [
                "sha256:5cbdbf27be5e7cfadb448baf0aa95508f91f2bbc6c6437cd9cd06e2a4c215e1e",
                "sha256:fbbce6a29f263178a1f7915c1940bde0ec2b2a967566fe1c65c1dfb7422bd255"
            ],
            "version": "==0.2.0"
        },
        "debugpy": {
            "hashes": [
                "sha256:34d2cdd3a7c87302ba5322b86e79c32c2115be396f3f09ca13306d8a04fe0f16",
                "sha256:3c9f985944a30cfc9ae4306ac6a27b9c31dba72ca943214dad4a0ab3840f6161",
                "sha256:4e255982552b0edfe3a6264438dbd62d404baa6556a81a88f9420d3ed79b06ae",
                "sha256:5ad571a36cec137ae6ed951d0ff75b5e092e9af6683da084753231150cbc5b25",
                "sha256:6efc30325b68e451118b795eff6fe8488253ca3958251d5158106d9c87581bc6",
                "sha256:7c302095a81be0d5c19f6529b600bac971440db3e226dce85347cc27e6a61908",
                "sha256:84c39940a0cac410bf6aa4db00ba174f973eef521fbe9dd058e26bcabad89c4f",
                "sha256:86d784b72c5411c833af1cd45b83d80c252b77c3bfdb43db17c441d772f4c734",
                "sha256:adcfea5ea06d55d505375995e150c06445e2b20cd12885bcae566148c076636b",
                "sha256:b8deaeb779699350deeed835322730a3efec170b88927debc9ba07a1a38e2585",
                "sha256:c4b2bd5c245eeb49824bf7e539f95fb17f9a756186e51c3e513e32999d8846f3",
                "sha256:c4cd6f37e3c168080d61d698390dfe2cd9e74ebf80b448069822a15dadcda57d",
                "sha256:cca23cb6161ac89698d629d892520327dd1be9321c0960e610bbcb807232b45d",
                "sha256:d5c814596a170a0a58fa6fad74947e30bfd7e192a5d2d7bd6a12156c2899e13a",
                "sha256:daadab4403427abd090eccb38d8901afd8b393e01fd243048fab3f1d7132abb4",
                "sha256:dda8652520eae3945833e061cbe2993ad94a0b545aebd62e4e6b80ee616c76b2",
                "sha256:e8922090514a890eec99cfb991bab872dd2e353ebb793164d5f01c362b9a40bf",
                "sha256:fc233a0160f3b117b20216f1169e7211b83235e3cd6749bcdd8dbb72177030c7"
            ],
            "markers": "python_version >= '3.7'",
            "version": "==1.6.3"
        },
        "decorator": {
            "hashes": [
                "sha256:637996211036b6385ef91435e4fae22989472f9d571faba8927ba8253acbc330",
                "sha256:b8c3f85900b9dc423225913c5aace94729fe1fa9763b38939a95226f02d37186"
            ],
            "markers": "python_version >= '3.5'",
            "version": "==5.1.1"
        },
        "entrypoints": {
            "hashes": [
                "sha256:b706eddaa9218a19ebcd67b56818f05bb27589b1ca9e8d797b74affad4ccacd4",
                "sha256:f174b5ff827504fd3cd97cc3f8649f3693f51538c7e4bdf3ef002c8429d42f9f"
            ],
            "markers": "python_version >= '3.6'",
            "version": "==0.4"
        },
        "executing": {
            "hashes": [
                "sha256:550d581b497228b572235e633599133eeee67073c65914ca346100ad56775349",
                "sha256:98daefa9d1916a4f0d944880d5aeaf079e05585689bebd9ff9b32e31dd5e1017"
            ],
            "version": "==1.0.0"
        },
        "flake8": {
            "hashes": [
                "sha256:479b1304f72536a55948cb40a32dce8bb0ffe3501e26eaf292c7e60eb5e0428d",
                "sha256:806e034dda44114815e23c16ef92f95c91e4c71100ff52813adf7132a6ad870d"
            ],
            "index": "pypi",
            "version": "==4.0.1"
        },
        "ipykernel": {
            "hashes": [
                "sha256:4fae9df6e192837552b2406a6052d707046dd2e153860be73c68484bacba18ed",
                "sha256:f95070a2dfd3147f8ab19f18ee46733310813758593745e07ec18fb08b409f1d"
            ],
            "index": "pypi",
            "version": "==6.9.1"
        },
        "ipython": {
            "hashes": [
                "sha256:097bdf5cd87576fd066179c9f7f208004f7a6864ee1b20f37d346c0bcb099f84",
                "sha256:6f090e29ab8ef8643e521763a4f1f39dc3914db643122b1e9d3328ff2e43ada2"
            ],
            "markers": "python_version >= '3.8'",
            "version": "==8.5.0"
        },
        "jedi": {
            "hashes": [
                "sha256:637c9635fcf47945ceb91cd7f320234a7be540ded6f3e99a50cb6febdfd1ba8d",
                "sha256:74137626a64a99c8eb6ae5832d99b3bdd7d29a3850fe2aa80a4126b2a7d949ab"
            ],
            "markers": "python_version >= '3.6'",
            "version": "==0.18.1"
        },
        "jupyter-client": {
            "hashes": [
                "sha256:3c58466a1b8d55dba0bf3ce0834e4f5b7760baf98d1d73db0add6f19de9ecd1d",
                "sha256:b33222bdc9dd1714228bd286af006533a0abe2bbc093e8f3d29dc0b91bdc2be4"
            ],
            "markers": "python_version >= '3.7'",
            "version": "==7.3.5"
        },
        "jupyter-core": {
            "hashes": [
                "sha256:2e5f244d44894c4154d06aeae3419dd7f1b0ef4494dc5584929b398c61cfd314",
                "sha256:715e22bb6cc7db3718fddfac1f69f1c7e899ca00e42bdfd4bf3705452b9fd84a"
            ],
            "markers": "python_version >= '3.7'",
            "version": "==4.11.1"
        },
        "matplotlib-inline": {
            "hashes": [
                "sha256:f1f41aab5328aa5aaea9b16d083b128102f8712542f819fe7e6a420ff581b311",
                "sha256:f887e5f10ba98e8d2b150ddcf4702c1e5f8b3a20005eb0f74bfdbd360ee6f304"
            ],
            "markers": "python_version >= '3.5'",
            "version": "==0.1.6"
        },
        "mccabe": {
            "hashes": [
                "sha256:ab8a6258860da4b6677da4bd2fe5dc2c659cff31b3ee4f7f5d64e79735b80d42",
                "sha256:dd8d182285a0fe56bace7f45b5e7d1a6ebcbf524e8f3bd87eb0f125271b8831f"
            ],
            "version": "==0.6.1"
        },
        "nest-asyncio": {
            "hashes": [
                "sha256:b98e3ec1b246135e4642eceffa5a6c23a3ab12c82ff816a92c612d68205813b2",
                "sha256:e442291cd942698be619823a17a86a5759eabe1f8613084790de189fe9e16d65"
            ],
            "markers": "python_version >= '3.5'",
            "version": "==1.5.5"
        },
        "parso": {
            "hashes": [
                "sha256:8c07be290bb59f03588915921e29e8a50002acaf2cdc5fa0e0114f91709fafa0",
                "sha256:c001d4636cd3aecdaf33cbb40aebb59b094be2a74c556778ef5576c175e19e75"
            ],
            "markers": "python_version >= '3.6'",
            "version": "==0.8.3"
        },
        "pexpect": {
            "hashes": [
                "sha256:0b48a55dcb3c05f3329815901ea4fc1537514d6ba867a152b581d69ae3710937",
                "sha256:fc65a43959d153d0114afe13997d439c22823a27cefceb5ff35c2178c6784c0c"
            ],
            "markers": "sys_platform != 'win32'",
            "version": "==4.8.0"
        },
        "pickleshare": {
            "hashes": [
                "sha256:87683d47965c1da65cdacaf31c8441d12b8044cdec9aca500cd78fc2c683afca",
                "sha256:9649af414d74d4df115d5d718f82acb59c9d418196b7b4290ed47a12ce62df56"
            ],
            "version": "==0.7.5"
        },
        "prompt-toolkit": {
            "hashes": [
                "sha256:9696f386133df0fc8ca5af4895afe5d78f5fcfe5258111c2a79a1c3e41ffa96d",
                "sha256:9ada952c9d1787f52ff6d5f3484d0b4df8952787c087edf6a1f7c2cb1ea88148"
            ],
            "markers": "python_full_version >= '3.6.2'",
            "version": "==3.0.31"
        },
        "ptyprocess": {
            "hashes": [
                "sha256:4b41f3967fce3af57cc7e94b888626c18bf37a083e3651ca8feeb66d492fef35",
                "sha256:5c5d0a3b48ceee0b48485e0c26037c0acd7d29765ca3fbb5cb3831d347423220"
            ],
            "version": "==0.7.0"
        },
        "pure-eval": {
            "hashes": [
                "sha256:01eaab343580944bc56080ebe0a674b39ec44a945e6d09ba7db3cb8cec289350",
                "sha256:2b45320af6dfaa1750f543d714b6d1c520a1688dec6fd24d339063ce0aaa9ac3"
            ],
            "version": "==0.2.2"
        },
        "pycodestyle": {
            "hashes": [
                "sha256:720f8b39dde8b293825e7ff02c475f3077124006db4f440dcbc9a20b76548a20",
                "sha256:eddd5847ef438ea1c7870ca7eb78a9d47ce0cdb4851a5523949f2601d0cbbe7f"
            ],
            "markers": "python_version >= '2.7' and python_version not in '3.0, 3.1, 3.2, 3.3, 3.4'",
            "version": "==2.8.0"
        },
        "pyflakes": {
            "hashes": [
                "sha256:05a85c2872edf37a4ed30b0cce2f6093e1d0581f8c19d7393122da7e25b2b24c",
                "sha256:3bb3a3f256f4b7968c9c788781e4ff07dce46bdf12339dcda61053375426ee2e"
            ],
            "markers": "python_version >= '2.7' and python_version not in '3.0, 3.1, 3.2, 3.3'",
            "version": "==2.4.0"
        },
        "pygments": {
            "hashes": [
                "sha256:56a8508ae95f98e2b9bdf93a6be5ae3f7d8af858b43e02c5a2ff083726be40c1",
                "sha256:f643f331ab57ba3c9d89212ee4a2dabc6e94f117cf4eefde99a0574720d14c42"
            ],
            "markers": "python_version >= '3.6'",
            "version": "==2.13.0"
        },
        "python-dateutil": {
            "hashes": [
                "sha256:0123cacc1627ae19ddf3c27a5de5bd67ee4586fbdd6440d9748f8abb483d3e86",
                "sha256:961d03dc3453ebbc59dbdea9e4e11c5651520a876d0f4db161e8674aae935da9"
            ],
            "markers": "python_version >= '2.7' and python_version not in '3.0, 3.1, 3.2, 3.3'",
            "version": "==2.8.2"
        },
        "pyzmq": {
            "hashes": [
                "sha256:00a8a4f83259b91b238244c999a33e0a77c0427d496902fb75fdf1601e4c9d3d",
                "sha256:025a0815d36ccd54cf002feb9cbe0e37c2253eca305ee4dc72ccdb4a814eefb4",
                "sha256:0584420cbd2dac77f81bdc4b9da2635a54300563d4632433b08cb1f505341ef0",
                "sha256:0775b65e79cccfca2b017e80ffe6dbd224b035a47245c4140b08e93996425942",
                "sha256:0a07fb73ae006a5b565d19232e5a6592fd7c93e57e67c2e592bf0b21f1676767",
                "sha256:13b008bd142c9f6079ad75a30504eef2291502e9eac90e722b16fcf9ce856147",
                "sha256:1a53c6030c4f45859af9a75cfc0d8b551b8924f9b2503397c69d0fa2f62d2370",
                "sha256:1b978e1318311eb69523ed60f084b752f52f27ffea4ce2f60deab4d8a4cca6de",
                "sha256:1bdec8988cad1f9a8453b4d00fd11598a91604cd9b205640e98b2f22e0435921",
                "sha256:1c23568e1581f637b1a1e1fd15dcd5e9165332c94bf8101c562e7c50640d673e",
                "sha256:1f200cdca2fc842749a3f263ccf9e4b50e732ad14f53b60faf68ef656b75c32a",
                "sha256:201e4d5733cecfd469d9ceee57500a0f365f85d6f14dd524105e2a0be8cd93c1",
                "sha256:2e5a398955b1cfdd85dd699f2390661b7bbe9edcbadd70a444c79c69e6c31c91",
                "sha256:3823e5e613a61948b2e6b85fd91f872772717d24cd1df871836665d4c56d6b34",
                "sha256:38e9ff2918d50a588e56aa80dae0373ef9f67512fc5691f95db2f59edabc083e",
                "sha256:3b5107313c7f28b0e074da7a9d8c0132cb8dc32fdd3b5a4c6a224d30e50d6324",
                "sha256:3e66d3237a7e8a11cdb8b470c77a6fb43f49fe9407936a2c9ac468ba2ba0982e",
                "sha256:40cdb50e82393253d340b6a357474588eb01cfd90b06231d5bfbc14490490b1b",
                "sha256:44c1dc858b76d2ab28f5ea040dd5e816a71624a8cf38d4ca3208006fd2a9375e",
                "sha256:452c3d5bfbaf96f32ef20673e6ba238355891884009f0c87e0f97a985293ef42",
                "sha256:460f0ff945d4b46c2d568941be33cf08954fca1e3239cf6a6ee03b1371de8f64",
                "sha256:4985a82958d67eafd3f8c9c215c3da8f633592024f771420477f22f011846235",
                "sha256:4ec8847ab93200a94fd3e88e2824a6bba9a46d28161f1bf0be24f2237c40c291",
                "sha256:52d881c33f8db5ffcb0aabc14cc71098453f4700511195cebca846000b44b080",
                "sha256:534d13940b2476e4bacb54558c7b9b62fb275c2839e06267597a3e4b2f291196",
                "sha256:5439bef77fd3818c20e1bf5657836e105e4e48e1a7996e24ebb55402a681934e",
                "sha256:5c1c2d7ebe991d8e36365ccd6b47297b6b96393ad453cad990901c21924add30",
                "sha256:62ee069fe338d0b057b81e752dad2b9b6b206ba8570a878dbbe8b93b7b99ebb1",
                "sha256:65b532c95a4cde95bb4787b5545321ed5624fa8d7391bce17c4e2a0717b97bb7",
                "sha256:6814a6add1b7cb76e3fdfd961ce4c48c1f0a29e82bdb3d060a669b85bc6db454",
                "sha256:761016baa6ca720677ce01d453801e41db2d0e53cf052ed00ba8c2e6cae4d2cd",
                "sha256:8361c90701fc6ff5f16c81c969563c6915402fbecb2ddc9c5063fec0238e5e52",
                "sha256:844040d44cc4320cdffb258fe03768ff0b37e710d56a70dd1f6c2902738f1e28",
                "sha256:8698db54fd49af74333190fb154448dcfc67a382aa2b2d784ffe981b7cf421ec",
                "sha256:8988209d5efae9b5c9297fb48d153e2528384c1afe2c9fd8eeb474cd6e765199",
                "sha256:8a43105683a66de78489b30037b97c9ce5f821f57035f6944f633bbd4baadd15",
                "sha256:8a93abd67a46c6b91f28a7513b9f8b9a5432fd573c3d6444c083e07209bf96e4",
                "sha256:8ea1861512c7f32d0c585119a2caea6665eec6df429abf5810826b0df9587de1",
                "sha256:99bb8cff279f7d1f516919d82b35ed0796c53ce7da7dca191fabfa4c53f47740",
                "sha256:9ed10f5a942a2903a722d63806b7a9d2e0a966c038100dc763483d8fbe8ea074",
                "sha256:a5b9471e5e507f51f4c0acabec60a7ae2ea218ac6134a8e5ec5674845347a63a",
                "sha256:a5cdbede23aae133e50f786adc4a2cacf60bddde649e3dc122c32368daa2c007",
                "sha256:aa6d0dfa94ce89d050dca0104389e10c537715bf10e5b0bfe5ece79f17f1719e",
                "sha256:adbf2bb11a616210735d6a112186d378f7934be3f2935e6d9dd760c110840c3a",
                "sha256:ae33cb195304ac16996184b115f9e27eb9f0b14062e97fbd1d446e3e4a594ff0",
                "sha256:b1ef471c62c3d0681cfbaa8bbaf96f22e20cafd391ecad8a43317f6b1598478e",
                "sha256:b94a3453a18bb914b2cac1ac38c09f980a3c86a8cd0bb744dd6bd03ab8ff958a",
                "sha256:be67e7f48fce8dbefd602f779c7382c874a1a1a3d08f375366c4d28baaa0bfd4",
                "sha256:c37c0046d04c0fdd99a9a31d6a9ce7d703cca3b7fdde5738603503dfba58a25f",
                "sha256:c6736703c7581d18e3959c1d786035c620def2f096e762aefaf08cfa39844d1e",
                "sha256:ce8c61297a751c67062d11e44352e9379da03a90d95aa352395d3b1e53e9f20a",
                "sha256:cf6477a083f8a1b54893ad24bc15f94dd0684b02320c69d2a69dcf36f70e73cb",
                "sha256:dbb871b22acec52c1b046ef6aa3d16f83618c704772f126a49e7446a0c885278",
                "sha256:dbece43299705eca217808759f4322c7cab41db2ba3ad8d7261ee2b17abe6488",
                "sha256:dfde6624d3d99d9a67235b60ae13be1a6ffce2f1de3cd2be9900f011d5d6a6a6",
                "sha256:e0128c7b723984e31c1b0df5bc532715defd13bf64d8d9eddd7207d093759ae4",
                "sha256:e24d7bda7a32ff35d0c914a52dd920a408f73d7e4b93d6755d7c67e819a8cd8c",
                "sha256:e9cd5c7449f297a1b53a4803413db907a8cad1178435e2879c1b92816f2bbe56",
                "sha256:e9e3fa94fa1e58763a7b824b8e0015d93c9fdd8e449d0218d13d01172e3d1539",
                "sha256:eadf1d3841c2155b68ef49147253fd4ac1447a972d01c08248114edc4d3ba9d5",
                "sha256:eb3b8acb5dc33ec812d79f35b85fddc43d8f75b65c00c635ee3c0b527e11c8ea",
                "sha256:ebdb43e947291c5cb80ef6c7d525f64bc4ed685de43f855ba0cf2b0fd8052e3a",
                "sha256:ee24b94b5ae22af9148e597f512fae8383908ca07d3b7f99b349679fede4d7d3",
                "sha256:ef4bd725c06d6ee9e502419ceeb5dfaccb6bbe36f359fd0366b90a56b6dae647",
                "sha256:f05524f7cfa4f7398259a428fbb22ec4c3f0665c6a303a0d6afdd98457b19af3",
                "sha256:f1ddc43cceb500e4a6495250d9d34cac93e6d9e89a46f0e34fcefcc3caf66ef3",
                "sha256:f328d28d0a1ea43d7030e1999ced9db252ba4ef2531af3e9bfc135cca77b8324",
                "sha256:f355d23a420a6b39241bbef2c803839b01d52d680d89aac39460505e57b2cd03",
                "sha256:f81f4065ff8ccd207204129463fd587b25c9f593128176a717dbabc03af9b233",
                "sha256:f969214a9ebf1175a8aba863d6f1220174130188686d4ed475d138a240e60c1c",
                "sha256:fc21a74f337298840f59f21a12fbf6ec1de798cd69d6b331ef9ed88ac8cb18f0",
                "sha256:fc2c363f68bbb9fea6b8137c432c6df9d7c8c76b01549c4410c506dac9e30663",
                "sha256:ff4e510a9509d36359c7af4684e73489cdd53c781dd4bc9b07dc808fab56cc48",
                "sha256:ff6c9fdbcfb285e28fe35eaf5ba39644cbc65343aa41844217c2b5a99abbdd7e"
            ],
            "markers": "python_version >= '3.6'",
            "version": "==24.0.0"
        },
        "six": {
            "hashes": [
                "sha256:1e61c37477a1626458e36f7b1d82aa5c9b094fa4802892072e49de9c60c4c926",
                "sha256:8abb2f1d86890a2dfb989f9a77cfcfd3e47c2a354b01111771326f8aa26e0254"
            ],
            "markers": "python_version >= '2.7' and python_version not in '3.0, 3.1, 3.2, 3.3'",
            "version": "==1.16.0"
        },
        "stack-data": {
            "hashes": [
                "sha256:66d2ebd3d7f29047612ead465b6cae5371006a71f45037c7e2507d01367bce3b",
                "sha256:715c8855fbf5c43587b141e46cc9d9339cc0d1f8d6e0f98ed0d01c6cb974e29f"
            ],
            "version": "==0.5.0"
        },
        "tornado": {
            "hashes": [
                "sha256:1d54d13ab8414ed44de07efecb97d4ef7c39f7438cf5e976ccd356bebb1b5fca",
                "sha256:20f638fd8cc85f3cbae3c732326e96addff0a15e22d80f049e00121651e82e72",
                "sha256:5c87076709343557ef8032934ce5f637dbb552efa7b21d08e89ae7619ed0eb23",
                "sha256:5f8c52d219d4995388119af7ccaa0bcec289535747620116a58d830e7c25d8a8",
                "sha256:6fdfabffd8dfcb6cf887428849d30cf19a3ea34c2c248461e1f7d718ad30b66b",
                "sha256:87dcafae3e884462f90c90ecc200defe5e580a7fbbb4365eda7c7c1eb809ebc9",
                "sha256:9b630419bde84ec666bfd7ea0a4cb2a8a651c2d5cccdbdd1972a0c859dfc3c13",
                "sha256:b8150f721c101abdef99073bf66d3903e292d851bee51910839831caba341a75",
                "sha256:ba09ef14ca9893954244fd872798b4ccb2367c165946ce2dd7376aebdde8e3ac",
                "sha256:d3a2f5999215a3a06a4fc218026cd84c61b8b2b40ac5296a6db1f1451ef04c1e",
                "sha256:e5f923aa6a47e133d1cf87d60700889d7eae68988704e20c75fb2d65677a8e4b"
            ],
            "markers": "python_version >= '3.7'",
            "version": "==6.2"
        },
        "traitlets": {
            "hashes": [
                "sha256:3f2c4e435e271592fe4390f1746ea56836e3a080f84e7833f0f801d9613fec39",
                "sha256:93663cc8236093d48150e2af5e2ed30fc7904a11a6195e21bab0408af4e6d6c8"
            ],
            "markers": "python_version >= '3.7'",
            "version": "==5.4.0"
        },
        "wcwidth": {
            "hashes": [
                "sha256:beb4802a9cebb9144e99086eff703a642a13d6a0052920003a230f3294bbe784",
                "sha256:c4d647b99872929fdb7bdcaa4fbe7f01413ed3d98077df798530e5b04f116c83"
            ],
            "version": "==0.2.5"
        }
    }
}
